github.com/sunnylinhome/dog v0.0.0-20230831070831-528188706804 h1:XJe+FSyEPaVA8ItvNjk9mefgGT8zpzMpOSS/0vLMCFA=
github.com/sunnylinhome/dog v0.0.0-20230831070831-528188706804/go.mod h1:wTC7aTYcq4YyjFsJJMpLsD5Vn3t7gP+5m+G4JKydGx8=
github.com/sunnylinhome/puppy v0.0.0-20230831054010-c7a0322ae1e2 h1:ZcMVUlf/56l/3RQiQOJX05vx3bkAyER42/GzqD0ZuJo=
github.com/sunnylinhome/puppy v0.0.0-20230831054010-c7a0322ae1e2/go.mod h1:rcMOPIApr4JyFPbMst7JfgXIqeBEKUNoszIvN+iwXiw=
github.com/sunnylinhome/puppy v0.0.0-20230831071258-d354291413cf h1:v8Tk9oy0ZxeCy9GNjXcCKFZYZmGDwW7lrD49WhVMjKI=
github.com/sunnylinhome/puppy v0.0.0-20230831071258-d354291413cf/go.mod h1:Hpq85qUY7V3iJBksbZg366ciBOop4Wyyhswa37HiaZU=
